{
  "name": "ps-school-project",
  "lockfileVersion": 3,
  "requires": true,
  "packages": {
    "": {
      "dependencies": {
        "@huggingface/inference": "^2.8.1",
        "dotenv": "^16.4.5"
      }
    },
    "node_modules/@huggingface/inference": {
      "version": "2.8.1",
      "resolved": "https://registry.npmjs.org/@huggingface/inference/-/inference-2.8.1.tgz",
      "integrity": "sha512-EfsNtY9OR6JCNaUa5bZu2mrs48iqeTz0Gutwf+fU0Kypx33xFQB4DKMhp8u4Ee6qVbLbNWvTHuWwlppLQl4p4Q==",
      "license": "MIT",
      "dependencies": {
        "@huggingface/tasks": "^0.12.9"
      },
      "engines": {
        "node": ">=18"
      }
    },
    "node_modules/@huggingface/tasks": {
      "version": "0.12.21",
      "resolved": "https://registry.npmjs.org/@huggingface/tasks/-/tasks-0.12.21.tgz",
      "integrity": "sha512-Sq2ZWhamRTwmkDuCle4STIZbeEnbdyC1bRE+6wM6UgYhfK7NG1WFbjQjftObQIfxKHv//+Q+x3iBFb3P9vmDjA==",
      "license": "MIT"
    },
    "node_modules/dotenv": {
      "version": "16.4.5",
      "resolved": "https://registry.npmjs.org/dotenv/-/dotenv-16.4.5.tgz",
      "integrity": "sha512-ZmdL2rui+eB2YwhsWzjInR8LldtZHGDoQ1ugH85ppHKwpUHL7j7rN0Ti9NCnGiQbhaZ11FpR+7ao1dNsmduNUg==",
      "license": "BSD-2-Clause",
      "engines": {
        "node": ">=12"
      },
      "funding": {
        "url": "https://dotenvx.com"
      }
    }
  }
}
